
Microsoft Visual Studio Solution File, Format Version 12.00
Project("{FAE04EC0-301F-11D3-BF4B-00C04F79EFBC}") = "API", "API\API.csproj", "{4A58F3A8-3EF1-417A-AE76-45B57F32258F}"
EndProject
Project("{FAE04EC0-301F-11D3-BF4B-00C04F79EFBC}") = "weather.Infrastructure", "weather.Infrastructure\weather.Infrastructure.csproj", "{8B6BA4F9-F7E3-424D-AC0D-6EE0AAEF78B2}"
EndProject
Project("{FAE04EC0-301F-11D3-BF4B-00C04F79EFBC}") = "weather.Application", "weather.Application\weather.Application.csproj", "{A539E1AE-5BDB-4B67-9783-F91FB26F33AA}"
EndProject
Project("{FAE04EC0-301F-11D3-BF4B-00C04F79EFBC}") = "weather.Domain", "weather.Domain\weather.Domain.csproj", "{BA304022-D636-4553-86EF-CC58B6DF3AB0}"
EndProject
Global
	GlobalSection(SolutionConfigurationPlatforms) = preSolution
		Debug|Any CPU = Debug|Any CPU
		Release|Any CPU = Release|Any CPU
	EndGlobalSection
	GlobalSection(ProjectConfigurationPlatforms) = postSolution
		{C3CBE56B-77D2-458D-B178-4B04B6EB2DB8}.Debug|Any CPU.ActiveCfg = Debug|Any CPU
		{C3CBE56B-77D2-458D-B178-4B04B6EB2DB8}.Debug|Any CPU.Build.0 = Debug|Any CPU
		{C3CBE56B-77D2-458D-B178-4B04B6EB2DB8}.Release|Any CPU.ActiveCfg = Release|Any CPU
		{C3CBE56B-77D2-458D-B178-4B04B6EB2DB8}.Release|Any CPU.Build.0 = Release|Any CPU
		{4A58F3A8-3EF1-417A-AE76-45B57F32258F}.Debug|Any CPU.ActiveCfg = Debug|Any CPU
		{4A58F3A8-3EF1-417A-AE76-45B57F32258F}.Debug|Any CPU.Build.0 = Debug|Any CPU
		{4A58F3A8-3EF1-417A-AE76-45B57F32258F}.Release|Any CPU.ActiveCfg = Release|Any CPU
		{4A58F3A8-3EF1-417A-AE76-45B57F32258F}.Release|Any CPU.Build.0 = Release|Any CPU
		{8B6BA4F9-F7E3-424D-AC0D-6EE0AAEF78B2}.Debug|Any CPU.ActiveCfg = Debug|Any CPU
		{8B6BA4F9-F7E3-424D-AC0D-6EE0AAEF78B2}.Debug|Any CPU.Build.0 = Debug|Any CPU
		{8B6BA4F9-F7E3-424D-AC0D-6EE0AAEF78B2}.Release|Any CPU.ActiveCfg = Release|Any CPU
		{8B6BA4F9-F7E3-424D-AC0D-6EE0AAEF78B2}.Release|Any CPU.Build.0 = Release|Any CPU
		{A539E1AE-5BDB-4B67-9783-F91FB26F33AA}.Debug|Any CPU.ActiveCfg = Debug|Any CPU
		{A539E1AE-5BDB-4B67-9783-F91FB26F33AA}.Debug|Any CPU.Build.0 = Debug|Any CPU
		{A539E1AE-5BDB-4B67-9783-F91FB26F33AA}.Release|Any CPU.ActiveCfg = Release|Any CPU
		{A539E1AE-5BDB-4B67-9783-F91FB26F33AA}.Release|Any CPU.Build.0 = Release|Any CPU
		{BA304022-D636-4553-86EF-CC58B6DF3AB0}.Debug|Any CPU.ActiveCfg = Debug|Any CPU
		{BA304022-D636-4553-86EF-CC58B6DF3AB0}.Debug|Any CPU.Build.0 = Debug|Any CPU
		{BA304022-D636-4553-86EF-CC58B6DF3AB0}.Release|Any CPU.ActiveCfg = Release|Any CPU
		{BA304022-D636-4553-86EF-CC58B6DF3AB0}.Release|Any CPU.Build.0 = Release|Any CPU
	EndGlobalSection
EndGlobal
